// !$*UTF8*$!
{
	archiveVersion = 1;
	classes = {
	};
	objectVersion = 56;
	objects = {

/* Begin PBXBuildFile section */
		2288335B2AAB820F0006F2BA /* GoogleService-Info.plist in Resources */ = {isa = PBXBuildFile; fileRef = 2288335A2AAB820F0006F2BA /* GoogleService-Info.plist */; };
		2288335E2AAB84130006F2BA /* FirebaseAuth in Frameworks */ = {isa = PBXBuildFile; productRef = 2288335D2AAB84130006F2BA /* FirebaseAuth */; };
		228833602AAB84130006F2BA /* FirebaseDatabase in Frameworks */ = {isa = PBXBuildFile; productRef = 2288335F2AAB84130006F2BA /* FirebaseDatabase */; };
		228833622AAB84130006F2BA /* FirebaseDatabaseSwift in Frameworks */ = {isa = PBXBuildFile; productRef = 228833612AAB84130006F2BA /* FirebaseDatabaseSwift */; };
		228833642AAB84130006F2BA /* FirebaseFirestore in Frameworks */ = {isa = PBXBuildFile; productRef = 228833632AAB84130006F2BA /* FirebaseFirestore */; };
		228833662AAB84130006F2BA /* FirebaseFirestoreCombine-Community in Frameworks */ = {isa = PBXBuildFile; productRef = 228833652AAB84130006F2BA /* FirebaseFirestoreCombine-Community */; };
		228833682AAB84130006F2BA /* FirebaseFirestoreSwift in Frameworks */ = {isa = PBXBuildFile; productRef = 228833672AAB84130006F2BA /* FirebaseFirestoreSwift */; };
		2288336A2AAB84130006F2BA /* FirebaseStorage in Frameworks */ = {isa = PBXBuildFile; productRef = 228833692AAB84130006F2BA /* FirebaseStorage */; };
		2288336C2AAB84130006F2BA /* FirebaseStorageCombine-Community in Frameworks */ = {isa = PBXBuildFile; productRef = 2288336B2AAB84130006F2BA /* FirebaseStorageCombine-Community */; };
		2288336E2AAB8E400006F2BA /* EventParticipation.swift in Sources */ = {isa = PBXBuildFile; fileRef = 2288336D2AAB8E3F0006F2BA /* EventParticipation.swift */; };
		228833702AAB96B90006F2BA /* EventViewModel.swift in Sources */ = {isa = PBXBuildFile; fileRef = 2288336F2AAB96B90006F2BA /* EventViewModel.swift */; };
		228833722AAC337F0006F2BA /* EventFormView.swift in Sources */ = {isa = PBXBuildFile; fileRef = 228833712AAC337F0006F2BA /* EventFormView.swift */; };
		228833742AAC4B6F0006F2BA /* FakeDataHelper.swift in Sources */ = {isa = PBXBuildFile; fileRef = 228833732AAC4B6E0006F2BA /* FakeDataHelper.swift */; };
		228833772AAC4F3B0006F2BA /* Fakery in Frameworks */ = {isa = PBXBuildFile; productRef = 228833762AAC4F3B0006F2BA /* Fakery */; };
		22CC33262AA8D678003B0B4B /* RMIT_Marvelous_Event_PlannerApp.swift in Sources */ = {isa = PBXBuildFile; fileRef = 22CC33252AA8D678003B0B4B /* RMIT_Marvelous_Event_PlannerApp.swift */; };
		22CC33282AA8D678003B0B4B /* ContentView.swift in Sources */ = {isa = PBXBuildFile; fileRef = 22CC33272AA8D678003B0B4B /* ContentView.swift */; };
		22CC332A2AA8D67E003B0B4B /* Assets.xcassets in Resources */ = {isa = PBXBuildFile; fileRef = 22CC33292AA8D67E003B0B4B /* Assets.xcassets */; };
		22CC332D2AA8D67E003B0B4B /* Preview Assets.xcassets in Resources */ = {isa = PBXBuildFile; fileRef = 22CC332C2AA8D67E003B0B4B /* Preview Assets.xcassets */; };
		22CC33372AA8D7A3003B0B4B /* Account.swift in Sources */ = {isa = PBXBuildFile; fileRef = 22CC33362AA8D7A2003B0B4B /* Account.swift */; };
		22CC33392AA8D7AD003B0B4B /* Event.swift in Sources */ = {isa = PBXBuildFile; fileRef = 22CC33382AA8D7AD003B0B4B /* Event.swift */; };
/* End PBXBuildFile section */

/* Begin PBXFileReference section */
		2288335A2AAB820F0006F2BA /* GoogleService-Info.plist */ = {isa = PBXFileReference; fileEncoding = 4; lastKnownFileType = text.plist.xml; path = "GoogleService-Info.plist"; sourceTree = "<group>"; };
		2288336D2AAB8E3F0006F2BA /* EventParticipation.swift */ = {isa = PBXFileReference; lastKnownFileType = sourcecode.swift; path = EventParticipation.swift; sourceTree = "<group>"; };
		2288336F2AAB96B90006F2BA /* EventViewModel.swift */ = {isa = PBXFileReference; lastKnownFileType = sourcecode.swift; path = EventViewModel.swift; sourceTree = "<group>"; };
		228833712AAC337F0006F2BA /* EventFormView.swift */ = {isa = PBXFileReference; lastKnownFileType = sourcecode.swift; path = EventFormView.swift; sourceTree = "<group>"; };
		228833732AAC4B6E0006F2BA /* FakeDataHelper.swift */ = {isa = PBXFileReference; lastKnownFileType = sourcecode.swift; path = FakeDataHelper.swift; sourceTree = "<group>"; };
		22CC33222AA8D678003B0B4B /* RMIT Marvelous Event Planner.app */ = {isa = PBXFileReference; explicitFileType = wrapper.application; includeInIndex = 0; path = "RMIT Marvelous Event Planner.app"; sourceTree = BUILT_PRODUCTS_DIR; };
		22CC33252AA8D678003B0B4B /* RMIT_Marvelous_Event_PlannerApp.swift */ = {isa = PBXFileReference; lastKnownFileType = sourcecode.swift; path = RMIT_Marvelous_Event_PlannerApp.swift; sourceTree = "<group>"; };
		22CC33272AA8D678003B0B4B /* ContentView.swift */ = {isa = PBXFileReference; lastKnownFileType = sourcecode.swift; path = ContentView.swift; sourceTree = "<group>"; };
		22CC33292AA8D67E003B0B4B /* Assets.xcassets */ = {isa = PBXFileReference; lastKnownFileType = folder.assetcatalog; path = Assets.xcassets; sourceTree = "<group>"; };
		22CC332C2AA8D67E003B0B4B /* Preview Assets.xcassets */ = {isa = PBXFileReference; lastKnownFileType = folder.assetcatalog; path = "Preview Assets.xcassets"; sourceTree = "<group>"; };
		22CC33362AA8D7A2003B0B4B /* Account.swift */ = {isa = PBXFileReference; lastKnownFileType = sourcecode.swift; path = Account.swift; sourceTree = "<group>"; };
		22CC33382AA8D7AD003B0B4B /* Event.swift */ = {isa = PBXFileReference; lastKnownFileType = sourcecode.swift; path = Event.swift; sourceTree = "<group>"; };
/* End PBXFileReference section */

/* Begin PBXFrameworksBuildPhase section */
		22CC331F2AA8D678003B0B4B /* Frameworks */ = {
			isa = PBXFrameworksBuildPhase;
			buildActionMask = 2147483647;
			files = (
				228833622AAB84130006F2BA /* FirebaseDatabaseSwift in Frameworks */,
				228833642AAB84130006F2BA /* FirebaseFirestore in Frameworks */,
				228833772AAC4F3B0006F2BA /* Fakery in Frameworks */,
				2288336C2AAB84130006F2BA /* FirebaseStorageCombine-Community in Frameworks */,
				228833602AAB84130006F2BA /* FirebaseDatabase in Frameworks */,
				228833662AAB84130006F2BA /* FirebaseFirestoreCombine-Community in Frameworks */,
				2288336A2AAB84130006F2BA /* FirebaseStorage in Frameworks */,
				2288335E2AAB84130006F2BA /* FirebaseAuth in Frameworks */,
				228833682AAB84130006F2BA /* FirebaseFirestoreSwift in Frameworks */,
			);
			runOnlyForDeploymentPostprocessing = 0;
		};
/* End PBXFrameworksBuildPhase section */

/* Begin PBXGroup section */
		22CC33192AA8D678003B0B4B = {
			isa = PBXGroup;
			children = (
				22CC33242AA8D678003B0B4B /* RMIT Marvelous Event Planner */,
				22CC33232AA8D678003B0B4B /* Products */,
			);
			sourceTree = "<group>";
		};
		22CC33232AA8D678003B0B4B /* Products */ = {
			isa = PBXGroup;
			children = (
				22CC33222AA8D678003B0B4B /* RMIT Marvelous Event Planner.app */,
			);
			name = Products;
			sourceTree = "<group>";
		};
		22CC33242AA8D678003B0B4B /* RMIT Marvelous Event Planner */ = {
			isa = PBXGroup;
			children = (
				22CC333B2AA8D7E1003B0B4B /* Helper */,
				22CC33352AA8D78A003B0B4B /* Models */,
				22CC33342AA8D781003B0B4B /* ModelView */,
				22CC33332AA8D779003B0B4B /* Views */,
				22CC33252AA8D678003B0B4B /* RMIT_Marvelous_Event_PlannerApp.swift */,
				22CC33272AA8D678003B0B4B /* ContentView.swift */,
				2288335A2AAB820F0006F2BA /* GoogleService-Info.plist */,
				22CC33292AA8D67E003B0B4B /* Assets.xcassets */,
				22CC332B2AA8D67E003B0B4B /* Preview Content */,
			);
			path = "RMIT Marvelous Event Planner";
			sourceTree = "<group>";
		};
		22CC332B2AA8D67E003B0B4B /* Preview Content */ = {
			isa = PBXGroup;
			children = (
				22CC332C2AA8D67E003B0B4B /* Preview Assets.xcassets */,
			);
			path = "Preview Content";
			sourceTree = "<group>";
		};
		22CC33332AA8D779003B0B4B /* Views */ = {
			isa = PBXGroup;
			children = (
				22CC333A2AA8D7B8003B0B4B /* Components */,
				228833712AAC337F0006F2BA /* EventFormView.swift */,
			);
			path = Views;
			sourceTree = "<group>";
		};
		22CC33342AA8D781003B0B4B /* ModelView */ = {
			isa = PBXGroup;
			children = (
				2288336F2AAB96B90006F2BA /* EventViewModel.swift */,
			);
			path = ModelView;
			sourceTree = "<group>";
		};
		22CC33352AA8D78A003B0B4B /* Models */ = {
			isa = PBXGroup;
			children = (
				22CC33362AA8D7A2003B0B4B /* Account.swift */,
				22CC33382AA8D7AD003B0B4B /* Event.swift */,
				2288336D2AAB8E3F0006F2BA /* EventParticipation.swift */,
				228833732AAC4B6E0006F2BA /* FakeDataHelper.swift */,
			);
			path = Models;
			sourceTree = "<group>";
		};
		22CC333A2AA8D7B8003B0B4B /* Components */ = {
			isa = PBXGroup;
			children = (
			);
			path = Components;
			sourceTree = "<group>";
		};
		22CC333B2AA8D7E1003B0B4B /* Helper */ = {
			isa = PBXGroup;
			children = (
			);
			path = Helper;
			sourceTree = "<group>";
		};
/* End PBXGroup section */

/* Begin PBXNativeTarget section */
		22CC33212AA8D678003B0B4B /* RMIT Marvelous Event Planner */ = {
			isa = PBXNativeTarget;
			buildConfigurationList = 22CC33302AA8D67E003B0B4B /* Build configuration list for PBXNativeTarget "RMIT Marvelous Event Planner" */;
			buildPhases = (
				22CC331E2AA8D678003B0B4B /* Sources */,
				22CC331F2AA8D678003B0B4B /* Frameworks */,
				22CC33202AA8D678003B0B4B /* Resources */,
			);
			buildRules = (
			);
			dependencies = (
			);
			name = "RMIT Marvelous Event Planner";
			packageProductDependencies = (
				2288335D2AAB84130006F2BA /* FirebaseAuth */,
				2288335F2AAB84130006F2BA /* FirebaseDatabase */,
				228833612AAB84130006F2BA /* FirebaseDatabaseSwift */,
				228833632AAB84130006F2BA /* FirebaseFirestore */,
				228833652AAB84130006F2BA /* FirebaseFirestoreCombine-Community */,
				228833672AAB84130006F2BA /* FirebaseFirestoreSwift */,
				228833692AAB84130006F2BA /* FirebaseStorage */,
				2288336B2AAB84130006F2BA /* FirebaseStorageCombine-Community */,
				228833762AAC4F3B0006F2BA /* Fakery */,
			);
			productName = "RMIT Marvelous Event Planner";
			productReference = 22CC33222AA8D678003B0B4B /* RMIT Marvelous Event Planner.app */;
			productType = "com.apple.product-type.application";
		};
/* End PBXNativeTarget section */

/* Begin PBXProject section */
		22CC331A2AA8D678003B0B4B /* Project object */ = {
			isa = PBXProject;
			attributes = {
				BuildIndependentTargetsInParallel = 1;
				LastSwiftUpdateCheck = 1430;
				LastUpgradeCheck = 1430;
				TargetAttributes = {
					22CC33212AA8D678003B0B4B = {
						CreatedOnToolsVersion = 14.3.1;
					};
				};
			};
			buildConfigurationList = 22CC331D2AA8D678003B0B4B /* Build configuration list for PBXProject "RMIT Marvelous Event Planner" */;
			compatibilityVersion = "Xcode 14.0";
			developmentRegion = en;
			hasScannedForEncodings = 0;
			knownRegions = (
				en,
				Base,
			);
			mainGroup = 22CC33192AA8D678003B0B4B;
			packageReferences = (
				2288335C2AAB84130006F2BA /* XCRemoteSwiftPackageReference "firebase-ios-sdk" */,
				228833752AAC4F3A0006F2BA /* XCRemoteSwiftPackageReference "Fakery" */,
			);
			productRefGroup = 22CC33232AA8D678003B0B4B /* Products */;
			projectDirPath = "";
			projectRoot = "";
			targets = (
				22CC33212AA8D678003B0B4B /* RMIT Marvelous Event Planner */,
			);
		};
/* End PBXProject section */

/* Begin PBXResourcesBuildPhase section */
		22CC33202AA8D678003B0B4B /* Resources */ = {
			isa = PBXResourcesBuildPhase;
			buildActionMask = 2147483647;
			files = (
				22CC332D2AA8D67E003B0B4B /* Preview Assets.xcassets in Resources */,
				22CC332A2AA8D67E003B0B4B /* Assets.xcassets in Resources */,
				2288335B2AAB820F0006F2BA /* GoogleService-Info.plist in Resources */,
			);
			runOnlyForDeploymentPostprocessing = 0;
		};
/* End PBXResourcesBuildPhase section */

/* Begin PBXSourcesBuildPhase section */
		22CC331E2AA8D678003B0B4B /* Sources */ = {
			isa = PBXSourcesBuildPhase;
			buildActionMask = 2147483647;
			files = (
				228833742AAC4B6F0006F2BA /* FakeDataHelper.swift in Sources */,
				2288336E2AAB8E400006F2BA /* EventParticipation.swift in Sources */,
				228833722AAC337F0006F2BA /* EventFormView.swift in Sources */,
				228833702AAB96B90006F2BA /* EventViewModel.swift in Sources */,
				22CC33392AA8D7AD003B0B4B /* Event.swift in Sources */,
				22CC33282AA8D678003B0B4B /* ContentView.swift in Sources */,
				22CC33262AA8D678003B0B4B /* RMIT_Marvelous_Event_PlannerApp.swift in Sources */,
				22CC33372AA8D7A3003B0B4B /* Account.swift in Sources */,
			);
			runOnlyForDeploymentPostprocessing = 0;
		};
/* End PBXSourcesBuildPhase section */

/* Begin XCBuildConfiguration section */
		22CC332E2AA8D67E003B0B4B /* Debug */ = {
			isa = XCBuildConfiguration;
			buildSettings = {
				ALWAYS_SEARCH_USER_PATHS = NO;
				CLANG_ANALYZER_NONNULL = YES;
				CLANG_ANALYZER_NUMBER_OBJECT_CONVERSION = YES_AGGRESSIVE;
				CLANG_CXX_LANGUAGE_STANDARD = "gnu++20";
				CLANG_ENABLE_MODULES = YES;
				CLANG_ENABLE_OBJC_ARC = YES;
				CLANG_ENABLE_OBJC_WEAK = YES;
				CLANG_WARN_BLOCK_CAPTURE_AUTORELEASING = YES;
				CLANG_WARN_BOOL_CONVERSION = YES;
				CLANG_WARN_COMMA = YES;
				CLANG_WARN_CONSTANT_CONVERSION = YES;
				CLANG_WARN_DEPRECATED_OBJC_IMPLEMENTATIONS = YES;
				CLANG_WARN_DIRECT_OBJC_ISA_USAGE = YES_ERROR;
				CLANG_WARN_DOCUMENTATION_COMMENTS = YES;
				CLANG_WARN_EMPTY_BODY = YES;
				CLANG_WARN_ENUM_CONVERSION = YES;
				CLANG_WARN_INFINITE_RECURSION = YES;
				CLANG_WARN_INT_CONVERSION = YES;
				CLANG_WARN_NON_LITERAL_NULL_CONVERSION = YES;
				CLANG_WARN_OBJC_IMPLICIT_RETAIN_SELF = YES;
				CLANG_WARN_OBJC_LITERAL_CONVERSION = YES;
				CLANG_WARN_OBJC_ROOT_CLASS = YES_ERROR;
				CLANG_WARN_QUOTED_INCLUDE_IN_FRAMEWORK_HEADER = YES;
				CLANG_WARN_RANGE_LOOP_ANALYSIS = YES;
				CLANG_WARN_STRICT_PROTOTYPES = YES;
				CLANG_WARN_SUSPICIOUS_MOVE = YES;
				CLANG_WARN_UNGUARDED_AVAILABILITY = YES_AGGRESSIVE;
				CLANG_WARN_UNREACHABLE_CODE = YES;
				CLANG_WARN__DUPLICATE_METHOD_MATCH = YES;
				COPY_PHASE_STRIP = NO;
				DEBUG_INFORMATION_FORMAT = dwarf;
				ENABLE_STRICT_OBJC_MSGSEND = YES;
				ENABLE_TESTABILITY = YES;
				GCC_C_LANGUAGE_STANDARD = gnu11;
				GCC_DYNAMIC_NO_PIC = NO;
				GCC_NO_COMMON_BLOCKS = YES;
				GCC_OPTIMIZATION_LEVEL = 0;
				GCC_PREPROCESSOR_DEFINITIONS = (
					"DEBUG=1",
					"$(inherited)",
				);
				GCC_WARN_64_TO_32_BIT_CONVERSION = YES;
				GCC_WARN_ABOUT_RETURN_TYPE = YES_ERROR;
				GCC_WARN_UNDECLARED_SELECTOR = YES;
				GCC_WARN_UNINITIALIZED_AUTOS = YES_AGGRESSIVE;
				GCC_WARN_UNUSED_FUNCTION = YES;
				GCC_WARN_UNUSED_VARIABLE = YES;
				IPHONEOS_DEPLOYMENT_TARGET = 16.4;
				MTL_ENABLE_DEBUG_INFO = INCLUDE_SOURCE;
				MTL_FAST_MATH = YES;
				ONLY_ACTIVE_ARCH = YES;
				SDKROOT = iphoneos;
				SWIFT_ACTIVE_COMPILATION_CONDITIONS = DEBUG;
				SWIFT_OPTIMIZATION_LEVEL = "-Onone";
			};
			name = Debug;
		};
		22CC332F2AA8D67E003B0B4B /* Release */ = {
			isa = XCBuildConfiguration;
			buildSettings = {
				ALWAYS_SEARCH_USER_PATHS = NO;
				CLANG_ANALYZER_NONNULL = YES;
				CLANG_ANALYZER_NUMBER_OBJECT_CONVERSION = YES_AGGRESSIVE;
				CLANG_CXX_LANGUAGE_STANDARD = "gnu++20";
				CLANG_ENABLE_MODULES = YES;
				CLANG_ENABLE_OBJC_ARC = YES;
				CLANG_ENABLE_OBJC_WEAK = YES;
				CLANG_WARN_BLOCK_CAPTURE_AUTORELEASING = YES;
				CLANG_WARN_BOOL_CONVERSION = YES;
				CLANG_WARN_COMMA = YES;
				CLANG_WARN_CONSTANT_CONVERSION = YES;
				CLANG_WARN_DEPRECATED_OBJC_IMPLEMENTATIONS = YES;
				CLANG_WARN_DIRECT_OBJC_ISA_USAGE = YES_ERROR;
				CLANG_WARN_DOCUMENTATION_COMMENTS = YES;
				CLANG_WARN_EMPTY_BODY = YES;
				CLANG_WARN_ENUM_CONVERSION = YES;
				CLANG_WARN_INFINITE_RECURSION = YES;
				CLANG_WARN_INT_CONVERSION = YES;
				CLANG_WARN_NON_LITERAL_NULL_CONVERSION = YES;
				CLANG_WARN_OBJC_IMPLICIT_RETAIN_SELF = YES;
				CLANG_WARN_OBJC_LITERAL_CONVERSION = YES;
				CLANG_WARN_OBJC_ROOT_CLASS = YES_ERROR;
				CLANG_WARN_QUOTED_INCLUDE_IN_FRAMEWORK_HEADER = YES;
				CLANG_WARN_RANGE_LOOP_ANALYSIS = YES;
				CLANG_WARN_STRICT_PROTOTYPES = YES;
				CLANG_WARN_SUSPICIOUS_MOVE = YES;
				CLANG_WARN_UNGUARDED_AVAILABILITY = YES_AGGRESSIVE;
				CLANG_WARN_UNREACHABLE_CODE = YES;
				CLANG_WARN__DUPLICATE_METHOD_MATCH = YES;
				COPY_PHASE_STRIP = NO;
				DEBUG_INFORMATION_FORMAT = "dwarf-with-dsym";
				ENABLE_NS_ASSERTIONS = NO;
				ENABLE_STRICT_OBJC_MSGSEND = YES;
				GCC_C_LANGUAGE_STANDARD = gnu11;
				GCC_NO_COMMON_BLOCKS = YES;
				GCC_WARN_64_TO_32_BIT_CONVERSION = YES;
				GCC_WARN_ABOUT_RETURN_TYPE = YES_ERROR;
				GCC_WARN_UNDECLARED_SELECTOR = YES;
				GCC_WARN_UNINITIALIZED_AUTOS = YES_AGGRESSIVE;
				GCC_WARN_UNUSED_FUNCTION = YES;
				GCC_WARN_UNUSED_VARIABLE = YES;
				IPHONEOS_DEPLOYMENT_TARGET = 16.4;
				MTL_ENABLE_DEBUG_INFO = NO;
				MTL_FAST_MATH = YES;
				SDKROOT = iphoneos;
				SWIFT_COMPILATION_MODE = wholemodule;
				SWIFT_OPTIMIZATION_LEVEL = "-O";
				VALIDATE_PRODUCT = YES;
			};
			name = Release;
		};
		22CC33312AA8D67E003B0B4B /* Debug */ = {
			isa = XCBuildConfiguration;
			buildSettings = {
				ASSETCATALOG_COMPILER_APPICON_NAME = AppIcon;
				ASSETCATALOG_COMPILER_GLOBAL_ACCENT_COLOR_NAME = AccentColor;
				CODE_SIGN_STYLE = Automatic;
				CURRENT_PROJECT_VERSION = 1;
				DEVELOPMENT_ASSET_PATHS = "\"RMIT Marvelous Event Planner/Preview Content\"";
				ENABLE_PREVIEWS = YES;
				GENERATE_INFOPLIST_FILE = YES;
				INFOPLIST_KEY_UIApplicationSceneManifest_Generation = YES;
				INFOPLIST_KEY_UIApplicationSupportsIndirectInputEvents = YES;
				INFOPLIST_KEY_UILaunchScreen_Generation = YES;
				INFOPLIST_KEY_UISupportedInterfaceOrientations_iPad = "UIInterfaceOrientationPortrait UIInterfaceOrientationPortraitUpsideDown UIInterfaceOrientationLandscapeLeft UIInterfaceOrientationLandscapeRight";
				INFOPLIST_KEY_UISupportedInterfaceOrientations_iPhone = "UIInterfaceOrientationPortrait UIInterfaceOrientationLandscapeLeft UIInterfaceOrientationLandscapeRight";
				LD_RUNPATH_SEARCH_PATHS = (
					"$(inherited)",
					"@executable_path/Frameworks",
				);
				MARKETING_VERSION = 1.0;
				PRODUCT_BUNDLE_IDENTIFIER = "rmit.ios.noobs.RMIT-Marvelous-Event-Planner";
				PRODUCT_NAME = "$(TARGET_NAME)";
				SWIFT_EMIT_LOC_STRINGS = YES;
				SWIFT_VERSION = 5.0;
				TARGETED_DEVICE_FAMILY = "1,2";
			};
			name = Debug;
		};
		22CC33322AA8D67E003B0B4B /* Release */ = {
			isa = XCBuildConfiguration;
			buildSettings = {
				ASSETCATALOG_COMPILER_APPICON_NAME = AppIcon;
				ASSETCATALOG_COMPILER_GLOBAL_ACCENT_COLOR_NAME = AccentColor;
				CODE_SIGN_STYLE = Automatic;
				CURRENT_PROJECT_VERSION = 1;
				DEVELOPMENT_ASSET_PATHS = "\"RMIT Marvelous Event Planner/Preview Content\"";
				ENABLE_PREVIEWS = YES;
				GENERATE_INFOPLIST_FILE = YES;
				INFOPLIST_KEY_UIApplicationSceneManifest_Generation = YES;
				INFOPLIST_KEY_UIApplicationSupportsIndirectInputEvents = YES;
				INFOPLIST_KEY_UILaunchScreen_Generation = YES;
				INFOPLIST_KEY_UISupportedInterfaceOrientations_iPad = "UIInterfaceOrientationPortrait UIInterfaceOrientationPortraitUpsideDown UIInterfaceOrientationLandscapeLeft UIInterfaceOrientationLandscapeRight";
				INFOPLIST_KEY_UISupportedInterfaceOrientations_iPhone = "UIInterfaceOrientationPortrait UIInterfaceOrientationLandscapeLeft UIInterfaceOrientationLandscapeRight";
				LD_RUNPATH_SEARCH_PATHS = (
					"$(inherited)",
					"@executable_path/Frameworks",
				);
				MARKETING_VERSION = 1.0;
				PRODUCT_BUNDLE_IDENTIFIER = "rmit.ios.noobs.RMIT-Marvelous-Event-Planner";
				PRODUCT_NAME = "$(TARGET_NAME)";
				SWIFT_EMIT_LOC_STRINGS = YES;
				SWIFT_VERSION = 5.0;
				TARGETED_DEVICE_FAMILY = "1,2";
			};
			name = Release;
		};
/* End XCBuildConfiguration section */

/* Begin XCConfigurationList section */
		22CC331D2AA8D678003B0B4B /* Build configuration list for PBXProject "RMIT Marvelous Event Planner" */ = {
			isa = XCConfigurationList;
			buildConfigurations = (
				22CC332E2AA8D67E003B0B4B /* Debug */,
				22CC332F2AA8D67E003B0B4B /* Release */,
			);
			defaultConfigurationIsVisible = 0;
			defaultConfigurationName = Release;
		};
		22CC33302AA8D67E003B0B4B /* Build configuration list for PBXNativeTarget "RMIT Marvelous Event Planner" */ = {
			isa = XCConfigurationList;
			buildConfigurations = (
				22CC33312AA8D67E003B0B4B /* Debug */,
				22CC33322AA8D67E003B0B4B /* Release */,
			);
			defaultConfigurationIsVisible = 0;
			defaultConfigurationName = Release;
		};
/* End XCConfigurationList section */

/* Begin XCRemoteSwiftPackageReference section */
		2288335C2AAB84130006F2BA /* XCRemoteSwiftPackageReference "firebase-ios-sdk" */ = {
			isa = XCRemoteSwiftPackageReference;
			repositoryURL = "https://github.com/firebase/firebase-ios-sdk";
			requirement = {
				kind = upToNextMajorVersion;
				minimumVersion = 10.0.0;
			};
		};
		228833752AAC4F3A0006F2BA /* XCRemoteSwiftPackageReference "Fakery" */ = {
			isa = XCRemoteSwiftPackageReference;
			repositoryURL = "https://github.com/vadymmarkov/Fakery";
			requirement = {
				kind = upToNextMajorVersion;
				minimumVersion = 5.0.0;
			};
		};
/* End XCRemoteSwiftPackageReference section */

/* Begin XCSwiftPackageProductDependency section */
		2288335D2AAB84130006F2BA /* FirebaseAuth */ = {
			isa = XCSwiftPackageProductDependency;
			package = 2288335C2AAB84130006F2BA /* XCRemoteSwiftPackageReference "firebase-ios-sdk" */;
			productName = FirebaseAuth;
		};
		2288335F2AAB84130006F2BA /* FirebaseDatabase */ = {
			isa = XCSwiftPackageProductDependency;
			package = 2288335C2AAB84130006F2BA /* XCRemoteSwiftPackageReference "firebase-ios-sdk" */;
			productName = FirebaseDatabase;
		};
		228833612AAB84130006F2BA /* FirebaseDatabaseSwift */ = {
			isa = XCSwiftPackageProductDependency;
			package = 2288335C2AAB84130006F2BA /* XCRemoteSwiftPackageReference "firebase-ios-sdk" */;
			productName = FirebaseDatabaseSwift;
		};
		228833632AAB84130006F2BA /* FirebaseFirestore */ = {
			isa = XCSwiftPackageProductDependency;
			package = 2288335C2AAB84130006F2BA /* XCRemoteSwiftPackageReference "firebase-ios-sdk" */;
			productName = FirebaseFirestore;
		};
		228833652AAB84130006F2BA /* FirebaseFirestoreCombine-Community */ = {
			isa = XCSwiftPackageProductDependency;
			package = 2288335C2AAB84130006F2BA /* XCRemoteSwiftPackageReference "firebase-ios-sdk" */;
			productName = "FirebaseFirestoreCombine-Community";
		};
		228833672AAB84130006F2BA /* FirebaseFirestoreSwift */ = {
			isa = XCSwiftPackageProductDependency;
			package = 2288335C2AAB84130006F2BA /* XCRemoteSwiftPackageReference "firebase-ios-sdk" */;
			productName = FirebaseFirestoreSwift;
		};
		228833692AAB84130006F2BA /* FirebaseStorage */ = {
			isa = XCSwiftPackageProductDependency;
			package = 2288335C2AAB84130006F2BA /* XCRemoteSwiftPackageReference "firebase-ios-sdk" */;
			productName = FirebaseStorage;
		};
		2288336B2AAB84130006F2BA /* FirebaseStorageCombine-Community */ = {
			isa = XCSwiftPackageProductDependency;
			package = 2288335C2AAB84130006F2BA /* XCRemoteSwiftPackageReference "firebase-ios-sdk" */;
			productName = "FirebaseStorageCombine-Community";
		};
		228833762AAC4F3B0006F2BA /* Fakery */ = {
			isa = XCSwiftPackageProductDependency;
			package = 228833752AAC4F3A0006F2BA /* XCRemoteSwiftPackageReference "Fakery" */;
			productName = Fakery;
		};
/* End XCSwiftPackageProductDependency section */
	};
	rootObject = 22CC331A2AA8D678003B0B4B /* Project object */;
}
