// !$*UTF8*$!
{
	archiveVersion = 1;
	classes = {
	};
	objectVersion = 56;
	objects = {

/* Begin PBXBuildFile section */
		046513DF2AB048F800775342 /* TabBarButton.swift in Sources */ = {isa = PBXBuildFile; fileRef = 046513DE2AB048F800775342 /* TabBarButton.swift */; };
		046513E12AB04B1300775342 /* HeaderBar.swift in Sources */ = {isa = PBXBuildFile; fileRef = 046513E02AB04B1300775342 /* HeaderBar.swift */; };
		046513E32AB05E2D00775342 /* UserProfileRow.swift in Sources */ = {isa = PBXBuildFile; fileRef = 046513E22AB05E2D00775342 /* UserProfileRow.swift */; };
		04D546702AB03A9B00D0F2CE /* UserProfileImage.swift in Sources */ = {isa = PBXBuildFile; fileRef = 04D5466F2AB03A9B00D0F2CE /* UserProfileImage.swift */; };
		04D546722AB03B7600D0F2CE /* UserProfileView.swift in Sources */ = {isa = PBXBuildFile; fileRef = 04D546712AB03B7600D0F2CE /* UserProfileView.swift */; };
		224C75A62AAE469500F770B9 /* HomeScreenView.swift in Sources */ = {isa = PBXBuildFile; fileRef = 224C75A52AAE469500F770B9 /* HomeScreenView.swift */; };
		227A39B42AB170C500A15854 /* AuthService.swift in Sources */ = {isa = PBXBuildFile; fileRef = 227A39B32AB170C500A15854 /* AuthService.swift */; };
		2288335B2AAB820F0006F2BA /* GoogleService-Info.plist in Resources */ = {isa = PBXBuildFile; fileRef = 2288335A2AAB820F0006F2BA /* GoogleService-Info.plist */; };
		2288335E2AAB84130006F2BA /* FirebaseAuth in Frameworks */ = {isa = PBXBuildFile; productRef = 2288335D2AAB84130006F2BA /* FirebaseAuth */; };
		228833602AAB84130006F2BA /* FirebaseDatabase in Frameworks */ = {isa = PBXBuildFile; productRef = 2288335F2AAB84130006F2BA /* FirebaseDatabase */; };
		228833622AAB84130006F2BA /* FirebaseDatabaseSwift in Frameworks */ = {isa = PBXBuildFile; productRef = 228833612AAB84130006F2BA /* FirebaseDatabaseSwift */; };
		228833642AAB84130006F2BA /* FirebaseFirestore in Frameworks */ = {isa = PBXBuildFile; productRef = 228833632AAB84130006F2BA /* FirebaseFirestore */; };
		228833662AAB84130006F2BA /* FirebaseFirestoreCombine-Community in Frameworks */ = {isa = PBXBuildFile; productRef = 228833652AAB84130006F2BA /* FirebaseFirestoreCombine-Community */; };
		228833682AAB84130006F2BA /* FirebaseFirestoreSwift in Frameworks */ = {isa = PBXBuildFile; productRef = 228833672AAB84130006F2BA /* FirebaseFirestoreSwift */; };
		2288336A2AAB84130006F2BA /* FirebaseStorage in Frameworks */ = {isa = PBXBuildFile; productRef = 228833692AAB84130006F2BA /* FirebaseStorage */; };
		2288336C2AAB84130006F2BA /* FirebaseStorageCombine-Community in Frameworks */ = {isa = PBXBuildFile; productRef = 2288336B2AAB84130006F2BA /* FirebaseStorageCombine-Community */; };
		228833772AAC4F3B0006F2BA /* Fakery in Frameworks */ = {isa = PBXBuildFile; productRef = 228833762AAC4F3B0006F2BA /* Fakery */; };
		22AA1E7F2AAF2A3700C3AC32 /* AuthStateViewModel.swift in Sources */ = {isa = PBXBuildFile; fileRef = 22AA1E7E2AAF2A3700C3AC32 /* AuthStateViewModel.swift */; };
		22AA1E832AAF2B6200C3AC32 /* ContentView.swift in Sources */ = {isa = PBXBuildFile; fileRef = 22AA1E822AAF2B6200C3AC32 /* ContentView.swift */; };
		22AA1E872AAF2C1300C3AC32 /* LogInSignUpView.swift in Sources */ = {isa = PBXBuildFile; fileRef = 22AA1E862AAF2C1300C3AC32 /* LogInSignUpView.swift */; };
		22CC33262AA8D678003B0B4B /* RMIT_Marvelous_Event_PlannerApp.swift in Sources */ = {isa = PBXBuildFile; fileRef = 22CC33252AA8D678003B0B4B /* RMIT_Marvelous_Event_PlannerApp.swift */; };
		22CC332A2AA8D67E003B0B4B /* Assets.xcassets in Resources */ = {isa = PBXBuildFile; fileRef = 22CC33292AA8D67E003B0B4B /* Assets.xcassets */; };
		22CC332D2AA8D67E003B0B4B /* Preview Assets.xcassets in Resources */ = {isa = PBXBuildFile; fileRef = 22CC332C2AA8D67E003B0B4B /* Preview Assets.xcassets */; };
		22CC33372AA8D7A3003B0B4B /* Account.swift in Sources */ = {isa = PBXBuildFile; fileRef = 22CC33362AA8D7A2003B0B4B /* Account.swift */; };
		22CC33392AA8D7AD003B0B4B /* Event.swift in Sources */ = {isa = PBXBuildFile; fileRef = 22CC33382AA8D7AD003B0B4B /* Event.swift */; };
		366501962AB081C500AA87EF /* HomeEventListView.swift in Sources */ = {isa = PBXBuildFile; fileRef = 366501922AB081C400AA87EF /* HomeEventListView.swift */; };
		691574172AAEC2FA0077D45A /* Modifiers.swift in Sources */ = {isa = PBXBuildFile; fileRef = 691574162AAEC2FA0077D45A /* Modifiers.swift */; };
		691CDA7A2AB0287D00DF5CE9 /* JoinedEventsView.swift in Sources */ = {isa = PBXBuildFile; fileRef = 691CDA792AB0287D00DF5CE9 /* JoinedEventsView.swift */; };
		691CDA802AB05C1D00DF5CE9 /* EventCard.swift in Sources */ = {isa = PBXBuildFile; fileRef = 691CDA7F2AB05C1D00DF5CE9 /* EventCard.swift */; };
		695871CE2AB17DA9005E0B9F /* EventList.swift in Sources */ = {isa = PBXBuildFile; fileRef = 695871CD2AB17DA9005E0B9F /* EventList.swift */; };
		698E30742AAF1AF20038CF89 /* EventParticipation.swift in Sources */ = {isa = PBXBuildFile; fileRef = 698E30732AAF1AF20038CF89 /* EventParticipation.swift */; };
		698E30762AAF1B030038CF89 /* FakeDataHelper.swift in Sources */ = {isa = PBXBuildFile; fileRef = 698E30752AAF1B030038CF89 /* FakeDataHelper.swift */; };
		698E307A2AAF1B7D0038CF89 /* EventViewModel.swift in Sources */ = {isa = PBXBuildFile; fileRef = 698E30792AAF1B7D0038CF89 /* EventViewModel.swift */; };
		698E30842AAF1C1B0038CF89 /* DetailView.swift in Sources */ = {isa = PBXBuildFile; fileRef = 698E30832AAF1C1B0038CF89 /* DetailView.swift */; };
		698E30862AAF1C220038CF89 /* ListItem.swift in Sources */ = {isa = PBXBuildFile; fileRef = 698E30852AAF1C220038CF89 /* ListItem.swift */; };
		69E187C62AAADB8A002EBE01 /* Poppins-Medium.ttf in Resources */ = {isa = PBXBuildFile; fileRef = 69E187C32AAADB8A002EBE01 /* Poppins-Medium.ttf */; };
		69E187C72AAADB8A002EBE01 /* Poppins-SemiBold.ttf in Resources */ = {isa = PBXBuildFile; fileRef = 69E187C42AAADB8A002EBE01 /* Poppins-SemiBold.ttf */; };
		69E187C82AAADB8A002EBE01 /* Poppins-Regular.ttf in Resources */ = {isa = PBXBuildFile; fileRef = 69E187C52AAADB8A002EBE01 /* Poppins-Regular.ttf */; };
		69E187C92AAADCD6002EBE01 /* RMIT-Marvelous-Event-Planner-Info.plist in Resources */ = {isa = PBXBuildFile; fileRef = 69E187C12AAAD840002EBE01 /* RMIT-Marvelous-Event-Planner-Info.plist */; };
		AB6E96352AAF27DC003E278B /* calendar.json in Resources */ = {isa = PBXBuildFile; fileRef = AB6E96342AAF27DC003E278B /* calendar.json */; };
		AB6E96372AAF27EC003E278B /* calendar2.json in Resources */ = {isa = PBXBuildFile; fileRef = AB6E96362AAF27EC003E278B /* calendar2.json */; };
		AB6E96392AAF27F7003E278B /* LottieView.swift in Sources */ = {isa = PBXBuildFile; fileRef = AB6E96382AAF27F7003E278B /* LottieView.swift */; };
		AB6E963B2AAF2806003E278B /* SplashScreenView.swift in Sources */ = {isa = PBXBuildFile; fileRef = AB6E963A2AAF2806003E278B /* SplashScreenView.swift */; };
		AB6E963E2AAF2831003E278B /* Lottie in Frameworks */ = {isa = PBXBuildFile; productRef = AB6E963D2AAF2831003E278B /* Lottie */; };
/* End PBXBuildFile section */

/* Begin PBXFileReference section */
		046513DE2AB048F800775342 /* TabBarButton.swift */ = {isa = PBXFileReference; lastKnownFileType = sourcecode.swift; path = TabBarButton.swift; sourceTree = "<group>"; };
		046513E02AB04B1300775342 /* HeaderBar.swift */ = {isa = PBXFileReference; lastKnownFileType = sourcecode.swift; path = HeaderBar.swift; sourceTree = "<group>"; };
		046513E22AB05E2D00775342 /* UserProfileRow.swift */ = {isa = PBXFileReference; lastKnownFileType = sourcecode.swift; path = UserProfileRow.swift; sourceTree = "<group>"; };
		04D5466F2AB03A9B00D0F2CE /* UserProfileImage.swift */ = {isa = PBXFileReference; lastKnownFileType = sourcecode.swift; path = UserProfileImage.swift; sourceTree = "<group>"; };
		04D546712AB03B7600D0F2CE /* UserProfileView.swift */ = {isa = PBXFileReference; lastKnownFileType = sourcecode.swift; path = UserProfileView.swift; sourceTree = "<group>"; };
		224C75A52AAE469500F770B9 /* HomeScreenView.swift */ = {isa = PBXFileReference; lastKnownFileType = sourcecode.swift; path = HomeScreenView.swift; sourceTree = "<group>"; };
		227A39B32AB170C500A15854 /* AuthService.swift */ = {isa = PBXFileReference; lastKnownFileType = sourcecode.swift; path = AuthService.swift; sourceTree = "<group>"; };
		2288335A2AAB820F0006F2BA /* GoogleService-Info.plist */ = {isa = PBXFileReference; fileEncoding = 4; lastKnownFileType = text.plist.xml; path = "GoogleService-Info.plist"; sourceTree = "<group>"; };
		22AA1E7E2AAF2A3700C3AC32 /* AuthStateViewModel.swift */ = {isa = PBXFileReference; fileEncoding = 4; lastKnownFileType = sourcecode.swift; name = AuthStateViewModel.swift; path = "RMIT Marvelous Event Planner/ModelView/AuthStateViewModel.swift"; sourceTree = SOURCE_ROOT; };
		22AA1E822AAF2B6200C3AC32 /* ContentView.swift */ = {isa = PBXFileReference; fileEncoding = 4; lastKnownFileType = sourcecode.swift; path = ContentView.swift; sourceTree = "<group>"; };
		22AA1E862AAF2C1300C3AC32 /* LogInSignUpView.swift */ = {isa = PBXFileReference; fileEncoding = 4; lastKnownFileType = sourcecode.swift; path = LogInSignUpView.swift; sourceTree = "<group>"; };
		22CC33222AA8D678003B0B4B /* RMIT Marvelous Event Planner.app */ = {isa = PBXFileReference; explicitFileType = wrapper.application; includeInIndex = 0; path = "RMIT Marvelous Event Planner.app"; sourceTree = BUILT_PRODUCTS_DIR; };
		22CC33252AA8D678003B0B4B /* RMIT_Marvelous_Event_PlannerApp.swift */ = {isa = PBXFileReference; lastKnownFileType = sourcecode.swift; path = RMIT_Marvelous_Event_PlannerApp.swift; sourceTree = "<group>"; };
		22CC33292AA8D67E003B0B4B /* Assets.xcassets */ = {isa = PBXFileReference; lastKnownFileType = folder.assetcatalog; path = Assets.xcassets; sourceTree = "<group>"; };
		22CC332C2AA8D67E003B0B4B /* Preview Assets.xcassets */ = {isa = PBXFileReference; lastKnownFileType = folder.assetcatalog; path = "Preview Assets.xcassets"; sourceTree = "<group>"; };
		22CC33362AA8D7A2003B0B4B /* Account.swift */ = {isa = PBXFileReference; lastKnownFileType = sourcecode.swift; path = Account.swift; sourceTree = "<group>"; };
		22CC33382AA8D7AD003B0B4B /* Event.swift */ = {isa = PBXFileReference; lastKnownFileType = sourcecode.swift; path = Event.swift; sourceTree = "<group>"; };
		366501922AB081C400AA87EF /* HomeEventListView.swift */ = {isa = PBXFileReference; fileEncoding = 4; lastKnownFileType = sourcecode.swift; path = HomeEventListView.swift; sourceTree = "<group>"; };
		691574162AAEC2FA0077D45A /* Modifiers.swift */ = {isa = PBXFileReference; lastKnownFileType = sourcecode.swift; path = Modifiers.swift; sourceTree = "<group>"; };
		691CDA792AB0287D00DF5CE9 /* JoinedEventsView.swift */ = {isa = PBXFileReference; lastKnownFileType = sourcecode.swift; path = JoinedEventsView.swift; sourceTree = "<group>"; };
		691CDA7F2AB05C1D00DF5CE9 /* EventCard.swift */ = {isa = PBXFileReference; lastKnownFileType = sourcecode.swift; path = EventCard.swift; sourceTree = "<group>"; };
		695871CD2AB17DA9005E0B9F /* EventList.swift */ = {isa = PBXFileReference; lastKnownFileType = sourcecode.swift; path = EventList.swift; sourceTree = "<group>"; };
		698E30732AAF1AF20038CF89 /* EventParticipation.swift */ = {isa = PBXFileReference; fileEncoding = 4; lastKnownFileType = sourcecode.swift; path = EventParticipation.swift; sourceTree = "<group>"; };
		698E30752AAF1B030038CF89 /* FakeDataHelper.swift */ = {isa = PBXFileReference; fileEncoding = 4; lastKnownFileType = sourcecode.swift; path = FakeDataHelper.swift; sourceTree = "<group>"; };
		698E30792AAF1B7D0038CF89 /* EventViewModel.swift */ = {isa = PBXFileReference; fileEncoding = 4; lastKnownFileType = sourcecode.swift; name = EventViewModel.swift; path = "RMIT Marvelous Event Planner/ModelView/EventViewModel.swift"; sourceTree = SOURCE_ROOT; };
		698E30832AAF1C1B0038CF89 /* DetailView.swift */ = {isa = PBXFileReference; fileEncoding = 4; lastKnownFileType = sourcecode.swift; path = DetailView.swift; sourceTree = "<group>"; };
		698E30852AAF1C220038CF89 /* ListItem.swift */ = {isa = PBXFileReference; lastKnownFileType = sourcecode.swift; path = ListItem.swift; sourceTree = "<group>"; };
		69E187C12AAAD840002EBE01 /* RMIT-Marvelous-Event-Planner-Info.plist */ = {isa = PBXFileReference; lastKnownFileType = text.plist.xml; path = "RMIT-Marvelous-Event-Planner-Info.plist"; sourceTree = SOURCE_ROOT; };
		69E187C32AAADB8A002EBE01 /* Poppins-Medium.ttf */ = {isa = PBXFileReference; lastKnownFileType = file; path = "Poppins-Medium.ttf"; sourceTree = "<group>"; };
		69E187C42AAADB8A002EBE01 /* Poppins-SemiBold.ttf */ = {isa = PBXFileReference; lastKnownFileType = file; path = "Poppins-SemiBold.ttf"; sourceTree = "<group>"; };
		69E187C52AAADB8A002EBE01 /* Poppins-Regular.ttf */ = {isa = PBXFileReference; lastKnownFileType = file; path = "Poppins-Regular.ttf"; sourceTree = "<group>"; };
		AB6E96342AAF27DC003E278B /* calendar.json */ = {isa = PBXFileReference; fileEncoding = 4; lastKnownFileType = text.json; path = calendar.json; sourceTree = "<group>"; };
		AB6E96362AAF27EC003E278B /* calendar2.json */ = {isa = PBXFileReference; fileEncoding = 4; lastKnownFileType = text.json; path = calendar2.json; sourceTree = "<group>"; };
		AB6E96382AAF27F7003E278B /* LottieView.swift */ = {isa = PBXFileReference; fileEncoding = 4; lastKnownFileType = sourcecode.swift; path = LottieView.swift; sourceTree = "<group>"; };
		AB6E963A2AAF2806003E278B /* SplashScreenView.swift */ = {isa = PBXFileReference; fileEncoding = 4; lastKnownFileType = sourcecode.swift; path = SplashScreenView.swift; sourceTree = "<group>"; };
/* End PBXFileReference section */

/* Begin PBXFrameworksBuildPhase section */
		22CC331F2AA8D678003B0B4B /* Frameworks */ = {
			isa = PBXFrameworksBuildPhase;
			buildActionMask = 2147483647;
			files = (
				228833622AAB84130006F2BA /* FirebaseDatabaseSwift in Frameworks */,
				228833642AAB84130006F2BA /* FirebaseFirestore in Frameworks */,
				228833772AAC4F3B0006F2BA /* Fakery in Frameworks */,
				2288336C2AAB84130006F2BA /* FirebaseStorageCombine-Community in Frameworks */,
				228833602AAB84130006F2BA /* FirebaseDatabase in Frameworks */,
				AB6E963E2AAF2831003E278B /* Lottie in Frameworks */,
				228833662AAB84130006F2BA /* FirebaseFirestoreCombine-Community in Frameworks */,
				2288336A2AAB84130006F2BA /* FirebaseStorage in Frameworks */,
				2288335E2AAB84130006F2BA /* FirebaseAuth in Frameworks */,
				228833682AAB84130006F2BA /* FirebaseFirestoreSwift in Frameworks */,
			);
			runOnlyForDeploymentPostprocessing = 0;
		};
/* End PBXFrameworksBuildPhase section */

/* Begin PBXGroup section */
		04D5466E2AB03A8A00D0F2CE /* UserProfile */ = {
			isa = PBXGroup;
			children = (
				04D5466F2AB03A9B00D0F2CE /* UserProfileImage.swift */,
				04D546712AB03B7600D0F2CE /* UserProfileView.swift */,
				046513E22AB05E2D00775342 /* UserProfileRow.swift */,
			);
			path = UserProfile;
			sourceTree = "<group>";
		};
		227A39B22AB1709C00A15854 /* Session-Service */ = {
			isa = PBXGroup;
			children = (
				227A39B32AB170C500A15854 /* AuthService.swift */,
			);
			path = "Session-Service";
			sourceTree = "<group>";
		};
		22CC33192AA8D678003B0B4B = {
			isa = PBXGroup;
			children = (
				22CC33242AA8D678003B0B4B /* RMIT Marvelous Event Planner */,
				22CC33232AA8D678003B0B4B /* Products */,
			);
			sourceTree = "<group>";
		};
		22CC33232AA8D678003B0B4B /* Products */ = {
			isa = PBXGroup;
			children = (
				22CC33222AA8D678003B0B4B /* RMIT Marvelous Event Planner.app */,
			);
			name = Products;
			sourceTree = "<group>";
		};
		22CC33242AA8D678003B0B4B /* RMIT Marvelous Event Planner */ = {
			isa = PBXGroup;
			children = (
				69E187D02AAB12F3002EBE01 /* Helper */,
				69E187C22AAADAE7002EBE01 /* Fonts */,
				69E187C12AAAD840002EBE01 /* RMIT-Marvelous-Event-Planner-Info.plist */,
				22CC33352AA8D78A003B0B4B /* Models */,
				69E187D22AAB131C002EBE01 /* ModelView */,
				22CC33332AA8D779003B0B4B /* Views */,
				22CC33252AA8D678003B0B4B /* RMIT_Marvelous_Event_PlannerApp.swift */,
				22AA1E822AAF2B6200C3AC32 /* ContentView.swift */,
				2288335A2AAB820F0006F2BA /* GoogleService-Info.plist */,
				22CC33292AA8D67E003B0B4B /* Assets.xcassets */,
				22CC332B2AA8D67E003B0B4B /* Preview Content */,
			);
			path = "RMIT Marvelous Event Planner";
			sourceTree = "<group>";
		};
		22CC332B2AA8D67E003B0B4B /* Preview Content */ = {
			isa = PBXGroup;
			children = (
				22CC332C2AA8D67E003B0B4B /* Preview Assets.xcassets */,
			);
			path = "Preview Content";
			sourceTree = "<group>";
		};
		22CC33332AA8D779003B0B4B /* Views */ = {
			isa = PBXGroup;
			children = (
				04D5466E2AB03A8A00D0F2CE /* UserProfile */,
				366501912AB0805800AA87EF /* HomeListView */,
				224C75A52AAE469500F770B9 /* HomeScreenView.swift */,
				22AA1E862AAF2C1300C3AC32 /* LogInSignUpView.swift */,
				AB6E963A2AAF2806003E278B /* SplashScreenView.swift */,
				691CDA782AB0284800DF5CE9 /* JoinedEventsView */,
				698E30872AAF1C890038CF89 /* Components */,
				698E30822AAF1BFC0038CF89 /* DetailView */,
			);
			path = Views;
			sourceTree = "<group>";
		};
		22CC33352AA8D78A003B0B4B /* Models */ = {
			isa = PBXGroup;
			children = (
				22CC33362AA8D7A2003B0B4B /* Account.swift */,
				22CC33382AA8D7AD003B0B4B /* Event.swift */,
				698E30752AAF1B030038CF89 /* FakeDataHelper.swift */,
				698E30732AAF1AF20038CF89 /* EventParticipation.swift */,
			);
			path = Models;
			sourceTree = "<group>";
		};
		366501912AB0805800AA87EF /* HomeListView */ = {
			isa = PBXGroup;
			children = (
				366501922AB081C400AA87EF /* HomeEventListView.swift */,
			);
			path = HomeListView;
			sourceTree = "<group>";
		};
		691CDA782AB0284800DF5CE9 /* JoinedEventsView */ = {
			isa = PBXGroup;
			children = (
				691CDA792AB0287D00DF5CE9 /* JoinedEventsView.swift */,
			);
			path = JoinedEventsView;
			sourceTree = "<group>";
		};
		698E30822AAF1BFC0038CF89 /* DetailView */ = {
			isa = PBXGroup;
			children = (
				698E30832AAF1C1B0038CF89 /* DetailView.swift */,
			);
			path = DetailView;
			sourceTree = "<group>";
		};
		698E30872AAF1C890038CF89 /* Components */ = {
			isa = PBXGroup;
			children = (
				698E30852AAF1C220038CF89 /* ListItem.swift */,
				046513DE2AB048F800775342 /* TabBarButton.swift */,
				046513E02AB04B1300775342 /* HeaderBar.swift */,
				691CDA7F2AB05C1D00DF5CE9 /* EventCard.swift */,
				AB6E96382AAF27F7003E278B /* LottieView.swift */,
				695871CD2AB17DA9005E0B9F /* EventList.swift */,
			);
			path = Components;
			sourceTree = "<group>";
		};
		69E187C22AAADAE7002EBE01 /* Fonts */ = {
			isa = PBXGroup;
			children = (
				AB6E96342AAF27DC003E278B /* calendar.json */,
				AB6E96362AAF27EC003E278B /* calendar2.json */,
				69E187C32AAADB8A002EBE01 /* Poppins-Medium.ttf */,
				69E187C52AAADB8A002EBE01 /* Poppins-Regular.ttf */,
				69E187C42AAADB8A002EBE01 /* Poppins-SemiBold.ttf */,
			);
			path = Fonts;
			sourceTree = "<group>";
		};
		69E187D02AAB12F3002EBE01 /* Helper */ = {
			isa = PBXGroup;
			children = (
				691574162AAEC2FA0077D45A /* Modifiers.swift */,
			);
			path = Helper;
			sourceTree = "<group>";
		};
		69E187D22AAB131C002EBE01 /* ModelView */ = {
			isa = PBXGroup;
			children = (
				227A39B22AB1709C00A15854 /* Session-Service */,
				22AA1E7E2AAF2A3700C3AC32 /* AuthStateViewModel.swift */,
				698E30792AAF1B7D0038CF89 /* EventViewModel.swift */,
			);
			path = ModelView;
			sourceTree = "<group>";
		};
/* End PBXGroup section */

/* Begin PBXNativeTarget section */
		22CC33212AA8D678003B0B4B /* RMIT Marvelous Event Planner */ = {
			isa = PBXNativeTarget;
			buildConfigurationList = 22CC33302AA8D67E003B0B4B /* Build configuration list for PBXNativeTarget "RMIT Marvelous Event Planner" */;
			buildPhases = (
				22CC331E2AA8D678003B0B4B /* Sources */,
				22CC331F2AA8D678003B0B4B /* Frameworks */,
				22CC33202AA8D678003B0B4B /* Resources */,
			);
			buildRules = (
			);
			dependencies = (
			);
			name = "RMIT Marvelous Event Planner";
			packageProductDependencies = (
				2288335D2AAB84130006F2BA /* FirebaseAuth */,
				2288335F2AAB84130006F2BA /* FirebaseDatabase */,
				228833612AAB84130006F2BA /* FirebaseDatabaseSwift */,
				228833632AAB84130006F2BA /* FirebaseFirestore */,
				228833652AAB84130006F2BA /* FirebaseFirestoreCombine-Community */,
				228833672AAB84130006F2BA /* FirebaseFirestoreSwift */,
				228833692AAB84130006F2BA /* FirebaseStorage */,
				2288336B2AAB84130006F2BA /* FirebaseStorageCombine-Community */,
				228833762AAC4F3B0006F2BA /* Fakery */,
				AB6E963D2AAF2831003E278B /* Lottie */,
			);
			productName = "RMIT Marvelous Event Planner";
			productReference = 22CC33222AA8D678003B0B4B /* RMIT Marvelous Event Planner.app */;
			productType = "com.apple.product-type.application";
		};
/* End PBXNativeTarget section */

/* Begin PBXProject section */
		22CC331A2AA8D678003B0B4B /* Project object */ = {
			isa = PBXProject;
			attributes = {
				BuildIndependentTargetsInParallel = 1;
				LastSwiftUpdateCheck = 1430;
				LastUpgradeCheck = 1430;
				TargetAttributes = {
					22CC33212AA8D678003B0B4B = {
						CreatedOnToolsVersion = 14.3.1;
					};
				};
			};
			buildConfigurationList = 22CC331D2AA8D678003B0B4B /* Build configuration list for PBXProject "RMIT Marvelous Event Planner" */;
			compatibilityVersion = "Xcode 14.0";
			developmentRegion = en;
			hasScannedForEncodings = 0;
			knownRegions = (
				en,
				Base,
			);
			mainGroup = 22CC33192AA8D678003B0B4B;
			packageReferences = (
				2288335C2AAB84130006F2BA /* XCRemoteSwiftPackageReference "firebase-ios-sdk" */,
				228833752AAC4F3A0006F2BA /* XCRemoteSwiftPackageReference "Fakery" */,
				AB6E963C2AAF2831003E278B /* XCRemoteSwiftPackageReference "lottie-ios" */,
			);
			productRefGroup = 22CC33232AA8D678003B0B4B /* Products */;
			projectDirPath = "";
			projectRoot = "";
			targets = (
				22CC33212AA8D678003B0B4B /* RMIT Marvelous Event Planner */,
			);
		};
/* End PBXProject section */

/* Begin PBXResourcesBuildPhase section */
		22CC33202AA8D678003B0B4B /* Resources */ = {
			isa = PBXResourcesBuildPhase;
			buildActionMask = 2147483647;
			files = (
				69E187C62AAADB8A002EBE01 /* Poppins-Medium.ttf in Resources */,
				69E187C72AAADB8A002EBE01 /* Poppins-SemiBold.ttf in Resources */,
				22CC332D2AA8D67E003B0B4B /* Preview Assets.xcassets in Resources */,
				69E187C92AAADCD6002EBE01 /* RMIT-Marvelous-Event-Planner-Info.plist in Resources */,
				22CC332A2AA8D67E003B0B4B /* Assets.xcassets in Resources */,
				69E187C82AAADB8A002EBE01 /* Poppins-Regular.ttf in Resources */,
				2288335B2AAB820F0006F2BA /* GoogleService-Info.plist in Resources */,
				AB6E96352AAF27DC003E278B /* calendar.json in Resources */,
				AB6E96372AAF27EC003E278B /* calendar2.json in Resources */,
			);
			runOnlyForDeploymentPostprocessing = 0;
		};
/* End PBXResourcesBuildPhase section */

/* Begin PBXSourcesBuildPhase section */
		22CC331E2AA8D678003B0B4B /* Sources */ = {
			isa = PBXSourcesBuildPhase;
			buildActionMask = 2147483647;
			files = (
				224C75A62AAE469500F770B9 /* HomeScreenView.swift in Sources */,
				22CC33392AA8D7AD003B0B4B /* Event.swift in Sources */,
				22AA1E832AAF2B6200C3AC32 /* ContentView.swift in Sources */,
				AB6E963B2AAF2806003E278B /* SplashScreenView.swift in Sources */,
				698E307A2AAF1B7D0038CF89 /* EventViewModel.swift in Sources */,
				22AA1E7F2AAF2A3700C3AC32 /* AuthStateViewModel.swift in Sources */,
				046513DF2AB048F800775342 /* TabBarButton.swift in Sources */,
				22AA1E872AAF2C1300C3AC32 /* LogInSignUpView.swift in Sources */,
				046513E12AB04B1300775342 /* HeaderBar.swift in Sources */,
				227A39B42AB170C500A15854 /* AuthService.swift in Sources */,
				695871CE2AB17DA9005E0B9F /* EventList.swift in Sources */,
				698E30842AAF1C1B0038CF89 /* DetailView.swift in Sources */,
				698E30862AAF1C220038CF89 /* ListItem.swift in Sources */,
				04D546702AB03A9B00D0F2CE /* UserProfileImage.swift in Sources */,
				22CC33262AA8D678003B0B4B /* RMIT_Marvelous_Event_PlannerApp.swift in Sources */,
				04D546722AB03B7600D0F2CE /* UserProfileView.swift in Sources */,
				691CDA802AB05C1D00DF5CE9 /* EventCard.swift in Sources */,
				698E30742AAF1AF20038CF89 /* EventParticipation.swift in Sources */,
				698E30762AAF1B030038CF89 /* FakeDataHelper.swift in Sources */,
				691574172AAEC2FA0077D45A /* Modifiers.swift in Sources */,
				366501962AB081C500AA87EF /* HomeEventListView.swift in Sources */,
				22CC33372AA8D7A3003B0B4B /* Account.swift in Sources */,
				046513E32AB05E2D00775342 /* UserProfileRow.swift in Sources */,
				691CDA7A2AB0287D00DF5CE9 /* JoinedEventsView.swift in Sources */,
				AB6E96392AAF27F7003E278B /* LottieView.swift in Sources */,
			);
			runOnlyForDeploymentPostprocessing = 0;
		};
/* End PBXSourcesBuildPhase section */

/* Begin XCBuildConfiguration section */
		22CC332E2AA8D67E003B0B4B /* Debug */ = {
			isa = XCBuildConfiguration;
			buildSettings = {
				ALWAYS_SEARCH_USER_PATHS = NO;
				CLANG_ANALYZER_NONNULL = YES;
				CLANG_ANALYZER_NUMBER_OBJECT_CONVERSION = YES_AGGRESSIVE;
				CLANG_CXX_LANGUAGE_STANDARD = "gnu++20";
				CLANG_ENABLE_MODULES = YES;
				CLANG_ENABLE_OBJC_ARC = YES;
				CLANG_ENABLE_OBJC_WEAK = YES;
				CLANG_WARN_BLOCK_CAPTURE_AUTORELEASING = YES;
				CLANG_WARN_BOOL_CONVERSION = YES;
				CLANG_WARN_COMMA = YES;
				CLANG_WARN_CONSTANT_CONVERSION = YES;
				CLANG_WARN_DEPRECATED_OBJC_IMPLEMENTATIONS = YES;
				CLANG_WARN_DIRECT_OBJC_ISA_USAGE = YES_ERROR;
				CLANG_WARN_DOCUMENTATION_COMMENTS = YES;
				CLANG_WARN_EMPTY_BODY = YES;
				CLANG_WARN_ENUM_CONVERSION = YES;
				CLANG_WARN_INFINITE_RECURSION = YES;
				CLANG_WARN_INT_CONVERSION = YES;
				CLANG_WARN_NON_LITERAL_NULL_CONVERSION = YES;
				CLANG_WARN_OBJC_IMPLICIT_RETAIN_SELF = YES;
				CLANG_WARN_OBJC_LITERAL_CONVERSION = YES;
				CLANG_WARN_OBJC_ROOT_CLASS = YES_ERROR;
				CLANG_WARN_QUOTED_INCLUDE_IN_FRAMEWORK_HEADER = YES;
				CLANG_WARN_RANGE_LOOP_ANALYSIS = YES;
				CLANG_WARN_STRICT_PROTOTYPES = YES;
				CLANG_WARN_SUSPICIOUS_MOVE = YES;
				CLANG_WARN_UNGUARDED_AVAILABILITY = YES_AGGRESSIVE;
				CLANG_WARN_UNREACHABLE_CODE = YES;
				CLANG_WARN__DUPLICATE_METHOD_MATCH = YES;
				COPY_PHASE_STRIP = NO;
				DEBUG_INFORMATION_FORMAT = dwarf;
				ENABLE_STRICT_OBJC_MSGSEND = YES;
				ENABLE_TESTABILITY = YES;
				GCC_C_LANGUAGE_STANDARD = gnu11;
				GCC_DYNAMIC_NO_PIC = NO;
				GCC_NO_COMMON_BLOCKS = YES;
				GCC_OPTIMIZATION_LEVEL = 0;
				GCC_PREPROCESSOR_DEFINITIONS = (
					"DEBUG=1",
					"$(inherited)",
				);
				GCC_WARN_64_TO_32_BIT_CONVERSION = YES;
				GCC_WARN_ABOUT_RETURN_TYPE = YES_ERROR;
				GCC_WARN_UNDECLARED_SELECTOR = YES;
				GCC_WARN_UNINITIALIZED_AUTOS = YES_AGGRESSIVE;
				GCC_WARN_UNUSED_FUNCTION = YES;
				GCC_WARN_UNUSED_VARIABLE = YES;
				IPHONEOS_DEPLOYMENT_TARGET = 16.4;
				MTL_ENABLE_DEBUG_INFO = INCLUDE_SOURCE;
				MTL_FAST_MATH = YES;
				ONLY_ACTIVE_ARCH = YES;
				SDKROOT = iphoneos;
				SWIFT_ACTIVE_COMPILATION_CONDITIONS = DEBUG;
				SWIFT_OPTIMIZATION_LEVEL = "-Onone";
			};
			name = Debug;
		};
		22CC332F2AA8D67E003B0B4B /* Release */ = {
			isa = XCBuildConfiguration;
			buildSettings = {
				ALWAYS_SEARCH_USER_PATHS = NO;
				CLANG_ANALYZER_NONNULL = YES;
				CLANG_ANALYZER_NUMBER_OBJECT_CONVERSION = YES_AGGRESSIVE;
				CLANG_CXX_LANGUAGE_STANDARD = "gnu++20";
				CLANG_ENABLE_MODULES = YES;
				CLANG_ENABLE_OBJC_ARC = YES;
				CLANG_ENABLE_OBJC_WEAK = YES;
				CLANG_WARN_BLOCK_CAPTURE_AUTORELEASING = YES;
				CLANG_WARN_BOOL_CONVERSION = YES;
				CLANG_WARN_COMMA = YES;
				CLANG_WARN_CONSTANT_CONVERSION = YES;
				CLANG_WARN_DEPRECATED_OBJC_IMPLEMENTATIONS = YES;
				CLANG_WARN_DIRECT_OBJC_ISA_USAGE = YES_ERROR;
				CLANG_WARN_DOCUMENTATION_COMMENTS = YES;
				CLANG_WARN_EMPTY_BODY = YES;
				CLANG_WARN_ENUM_CONVERSION = YES;
				CLANG_WARN_INFINITE_RECURSION = YES;
				CLANG_WARN_INT_CONVERSION = YES;
				CLANG_WARN_NON_LITERAL_NULL_CONVERSION = YES;
				CLANG_WARN_OBJC_IMPLICIT_RETAIN_SELF = YES;
				CLANG_WARN_OBJC_LITERAL_CONVERSION = YES;
				CLANG_WARN_OBJC_ROOT_CLASS = YES_ERROR;
				CLANG_WARN_QUOTED_INCLUDE_IN_FRAMEWORK_HEADER = YES;
				CLANG_WARN_RANGE_LOOP_ANALYSIS = YES;
				CLANG_WARN_STRICT_PROTOTYPES = YES;
				CLANG_WARN_SUSPICIOUS_MOVE = YES;
				CLANG_WARN_UNGUARDED_AVAILABILITY = YES_AGGRESSIVE;
				CLANG_WARN_UNREACHABLE_CODE = YES;
				CLANG_WARN__DUPLICATE_METHOD_MATCH = YES;
				COPY_PHASE_STRIP = NO;
				DEBUG_INFORMATION_FORMAT = "dwarf-with-dsym";
				ENABLE_NS_ASSERTIONS = NO;
				ENABLE_STRICT_OBJC_MSGSEND = YES;
				GCC_C_LANGUAGE_STANDARD = gnu11;
				GCC_NO_COMMON_BLOCKS = YES;
				GCC_WARN_64_TO_32_BIT_CONVERSION = YES;
				GCC_WARN_ABOUT_RETURN_TYPE = YES_ERROR;
				GCC_WARN_UNDECLARED_SELECTOR = YES;
				GCC_WARN_UNINITIALIZED_AUTOS = YES_AGGRESSIVE;
				GCC_WARN_UNUSED_FUNCTION = YES;
				GCC_WARN_UNUSED_VARIABLE = YES;
				IPHONEOS_DEPLOYMENT_TARGET = 16.4;
				MTL_ENABLE_DEBUG_INFO = NO;
				MTL_FAST_MATH = YES;
				SDKROOT = iphoneos;
				SWIFT_COMPILATION_MODE = wholemodule;
				SWIFT_OPTIMIZATION_LEVEL = "-O";
				VALIDATE_PRODUCT = YES;
			};
			name = Release;
		};
		22CC33312AA8D67E003B0B4B /* Debug */ = {
			isa = XCBuildConfiguration;
			buildSettings = {
				ASSETCATALOG_COMPILER_APPICON_NAME = AppIcon;
				ASSETCATALOG_COMPILER_GLOBAL_ACCENT_COLOR_NAME = AccentColor;
				CODE_SIGN_STYLE = Automatic;
				CURRENT_PROJECT_VERSION = 1;
				DEVELOPMENT_ASSET_PATHS = "\"RMIT Marvelous Event Planner/Preview Content\"";
				ENABLE_PREVIEWS = YES;
				GENERATE_INFOPLIST_FILE = YES;
				INFOPLIST_FILE = "RMIT-Marvelous-Event-Planner-Info.plist";
				INFOPLIST_KEY_UIApplicationSceneManifest_Generation = YES;
				INFOPLIST_KEY_UIApplicationSupportsIndirectInputEvents = YES;
				INFOPLIST_KEY_UILaunchScreen_Generation = YES;
				INFOPLIST_KEY_UISupportedInterfaceOrientations_iPad = "UIInterfaceOrientationPortrait UIInterfaceOrientationPortraitUpsideDown UIInterfaceOrientationLandscapeLeft UIInterfaceOrientationLandscapeRight";
				INFOPLIST_KEY_UISupportedInterfaceOrientations_iPhone = "UIInterfaceOrientationPortrait UIInterfaceOrientationLandscapeLeft UIInterfaceOrientationLandscapeRight";
				LD_RUNPATH_SEARCH_PATHS = (
					"$(inherited)",
					"@executable_path/Frameworks",
				);
				MARKETING_VERSION = 1.0;
				PRODUCT_BUNDLE_IDENTIFIER = "rmit.ios.noobs.RMIT-Marvelous-Event-Planner";
				PRODUCT_NAME = "$(TARGET_NAME)";
				SWIFT_EMIT_LOC_STRINGS = YES;
				SWIFT_VERSION = 5.0;
				TARGETED_DEVICE_FAMILY = "1,2";
			};
			name = Debug;
		};
		22CC33322AA8D67E003B0B4B /* Release */ = {
			isa = XCBuildConfiguration;
			buildSettings = {
				ASSETCATALOG_COMPILER_APPICON_NAME = AppIcon;
				ASSETCATALOG_COMPILER_GLOBAL_ACCENT_COLOR_NAME = AccentColor;
				CODE_SIGN_STYLE = Automatic;
				CURRENT_PROJECT_VERSION = 1;
				DEVELOPMENT_ASSET_PATHS = "\"RMIT Marvelous Event Planner/Preview Content\"";
				ENABLE_PREVIEWS = YES;
				GENERATE_INFOPLIST_FILE = YES;
				INFOPLIST_FILE = "RMIT-Marvelous-Event-Planner-Info.plist";
				INFOPLIST_KEY_UIApplicationSceneManifest_Generation = YES;
				INFOPLIST_KEY_UIApplicationSupportsIndirectInputEvents = YES;
				INFOPLIST_KEY_UILaunchScreen_Generation = YES;
				INFOPLIST_KEY_UISupportedInterfaceOrientations_iPad = "UIInterfaceOrientationPortrait UIInterfaceOrientationPortraitUpsideDown UIInterfaceOrientationLandscapeLeft UIInterfaceOrientationLandscapeRight";
				INFOPLIST_KEY_UISupportedInterfaceOrientations_iPhone = "UIInterfaceOrientationPortrait UIInterfaceOrientationLandscapeLeft UIInterfaceOrientationLandscapeRight";
				LD_RUNPATH_SEARCH_PATHS = (
					"$(inherited)",
					"@executable_path/Frameworks",
				);
				MARKETING_VERSION = 1.0;
				PRODUCT_BUNDLE_IDENTIFIER = "rmit.ios.noobs.RMIT-Marvelous-Event-Planner";
				PRODUCT_NAME = "$(TARGET_NAME)";
				SWIFT_EMIT_LOC_STRINGS = YES;
				SWIFT_VERSION = 5.0;
				TARGETED_DEVICE_FAMILY = "1,2";
			};
			name = Release;
		};
/* End XCBuildConfiguration section */

/* Begin XCConfigurationList section */
		22CC331D2AA8D678003B0B4B /* Build configuration list for PBXProject "RMIT Marvelous Event Planner" */ = {
			isa = XCConfigurationList;
			buildConfigurations = (
				22CC332E2AA8D67E003B0B4B /* Debug */,
				22CC332F2AA8D67E003B0B4B /* Release */,
			);
			defaultConfigurationIsVisible = 0;
			defaultConfigurationName = Release;
		};
		22CC33302AA8D67E003B0B4B /* Build configuration list for PBXNativeTarget "RMIT Marvelous Event Planner" */ = {
			isa = XCConfigurationList;
			buildConfigurations = (
				22CC33312AA8D67E003B0B4B /* Debug */,
				22CC33322AA8D67E003B0B4B /* Release */,
			);
			defaultConfigurationIsVisible = 0;
			defaultConfigurationName = Release;
		};
/* End XCConfigurationList section */

/* Begin XCRemoteSwiftPackageReference section */
		2288335C2AAB84130006F2BA /* XCRemoteSwiftPackageReference "firebase-ios-sdk" */ = {
			isa = XCRemoteSwiftPackageReference;
			repositoryURL = "https://github.com/firebase/firebase-ios-sdk";
			requirement = {
				kind = upToNextMajorVersion;
				minimumVersion = 10.0.0;
			};
		};
		228833752AAC4F3A0006F2BA /* XCRemoteSwiftPackageReference "Fakery" */ = {
			isa = XCRemoteSwiftPackageReference;
			repositoryURL = "https://github.com/vadymmarkov/Fakery";
			requirement = {
				kind = upToNextMajorVersion;
				minimumVersion = 5.0.0;
			};
		};
		AB6E963C2AAF2831003E278B /* XCRemoteSwiftPackageReference "lottie-ios" */ = {
			isa = XCRemoteSwiftPackageReference;
			repositoryURL = "https://github.com/airbnb/lottie-ios";
			requirement = {
				kind = upToNextMajorVersion;
				minimumVersion = 4.0.0;
			};
		};
/* End XCRemoteSwiftPackageReference section */

/* Begin XCSwiftPackageProductDependency section */
		2288335D2AAB84130006F2BA /* FirebaseAuth */ = {
			isa = XCSwiftPackageProductDependency;
			package = 2288335C2AAB84130006F2BA /* XCRemoteSwiftPackageReference "firebase-ios-sdk" */;
			productName = FirebaseAuth;
		};
		2288335F2AAB84130006F2BA /* FirebaseDatabase */ = {
			isa = XCSwiftPackageProductDependency;
			package = 2288335C2AAB84130006F2BA /* XCRemoteSwiftPackageReference "firebase-ios-sdk" */;
			productName = FirebaseDatabase;
		};
		228833612AAB84130006F2BA /* FirebaseDatabaseSwift */ = {
			isa = XCSwiftPackageProductDependency;
			package = 2288335C2AAB84130006F2BA /* XCRemoteSwiftPackageReference "firebase-ios-sdk" */;
			productName = FirebaseDatabaseSwift;
		};
		228833632AAB84130006F2BA /* FirebaseFirestore */ = {
			isa = XCSwiftPackageProductDependency;
			package = 2288335C2AAB84130006F2BA /* XCRemoteSwiftPackageReference "firebase-ios-sdk" */;
			productName = FirebaseFirestore;
		};
		228833652AAB84130006F2BA /* FirebaseFirestoreCombine-Community */ = {
			isa = XCSwiftPackageProductDependency;
			package = 2288335C2AAB84130006F2BA /* XCRemoteSwiftPackageReference "firebase-ios-sdk" */;
			productName = "FirebaseFirestoreCombine-Community";
		};
		228833672AAB84130006F2BA /* FirebaseFirestoreSwift */ = {
			isa = XCSwiftPackageProductDependency;
			package = 2288335C2AAB84130006F2BA /* XCRemoteSwiftPackageReference "firebase-ios-sdk" */;
			productName = FirebaseFirestoreSwift;
		};
		228833692AAB84130006F2BA /* FirebaseStorage */ = {
			isa = XCSwiftPackageProductDependency;
			package = 2288335C2AAB84130006F2BA /* XCRemoteSwiftPackageReference "firebase-ios-sdk" */;
			productName = FirebaseStorage;
		};
		2288336B2AAB84130006F2BA /* FirebaseStorageCombine-Community */ = {
			isa = XCSwiftPackageProductDependency;
			package = 2288335C2AAB84130006F2BA /* XCRemoteSwiftPackageReference "firebase-ios-sdk" */;
			productName = "FirebaseStorageCombine-Community";
		};
		228833762AAC4F3B0006F2BA /* Fakery */ = {
			isa = XCSwiftPackageProductDependency;
			package = 228833752AAC4F3A0006F2BA /* XCRemoteSwiftPackageReference "Fakery" */;
			productName = Fakery;
		};
		AB6E963D2AAF2831003E278B /* Lottie */ = {
			isa = XCSwiftPackageProductDependency;
			package = AB6E963C2AAF2831003E278B /* XCRemoteSwiftPackageReference "lottie-ios" */;
			productName = Lottie;
		};
/* End XCSwiftPackageProductDependency section */
	};
	rootObject = 22CC331A2AA8D678003B0B4B /* Project object */;
}
